
Microsoft Visual Studio Solution File, Format Version 12.00
# Visual Studio Version 17
VisualStudioVersion = 17.6.33723.286
MinimumVisualStudioVersion = 10.0.40219.1
Project("{FAE04EC0-301F-11D3-BF4B-00C04F79EFBC}") = "TrainingSession", "TrainingSession\TrainingSession.csproj", "{4F54ABA8-09F8-4469-B569-FCFA313CD948}"
EndProject
Global
	GlobalSection(SolutionConfigurationPlatforms) = preSolution
		Debug|Any CPU = Debug|Any CPU
		Release|Any CPU = Release|Any CPU
	EndGlobalSection
	GlobalSection(ProjectConfigurationPlatforms) = postSolution
		{4F54ABA8-09F8-4469-B569-FCFA313CD948}.Debug|Any CPU.ActiveCfg = Debug|Any CPU
		{4F54ABA8-09F8-4469-B569-FCFA313CD948}.Debug|Any CPU.Build.0 = Debug|Any CPU
		{4F54ABA8-09F8-4469-B569-FCFA313CD948}.Release|Any CPU.ActiveCfg = Release|Any CPU
		{4F54ABA8-09F8-4469-B569-FCFA313CD948}.Release|Any CPU.Build.0 = Release|Any CPU
	EndGlobalSection
	GlobalSection(SolutionProperties) = preSolution
		HideSolutionNode = FALSE
	EndGlobalSection
	GlobalSection(ExtensibilityGlobals) = postSolution
		SolutionGuid = {74546A1C-1230-471D-8481-8496FC5603EC}
	EndGlobalSection
EndGlobal
